// !$*UTF8*$!
{
	archiveVersion = 1;
	classes = {
	};
	objectVersion = 56;
	objects = {

/* Begin PBXBuildFile section */
		D550E841291FF5D000C81A3A /* ForecastCard.swift in Sources */ = {isa = PBXBuildFile; fileRef = D550E840291FF5D000C81A3A /* ForecastCard.swift */; };
		D550E84329200F0400C81A3A /* NavegationBar.swift in Sources */ = {isa = PBXBuildFile; fileRef = D550E84229200F0400C81A3A /* NavegationBar.swift */; };
		D550E8452920137F00C81A3A /* WeatherView.swift in Sources */ = {isa = PBXBuildFile; fileRef = D550E8442920137F00C81A3A /* WeatherView.swift */; };
		D550E8472920170800C81A3A /* WeatherWidget.swift in Sources */ = {isa = PBXBuildFile; fileRef = D550E8462920170800C81A3A /* WeatherWidget.swift */; };
		D553C961291D7C3500C5FEA0 /* SegmentedControl.swift in Sources */ = {isa = PBXBuildFile; fileRef = D553C960291D7C3500C5FEA0 /* SegmentedControl.swift */; };
		D553C965291D8E3000C5FEA0 /* ForecastModel.swift in Sources */ = {isa = PBXBuildFile; fileRef = D553C964291D8E3000C5FEA0 /* ForecastModel.swift */; };
		D5936C6F291BF51F003D675B /* WeatherApp.swift in Sources */ = {isa = PBXBuildFile; fileRef = D5936C6E291BF51F003D675B /* WeatherApp.swift */; };
		D5936C71291BF51F003D675B /* ContentView.swift in Sources */ = {isa = PBXBuildFile; fileRef = D5936C70291BF51F003D675B /* ContentView.swift */; };
		D5936C73291BF520003D675B /* Assets.xcassets in Resources */ = {isa = PBXBuildFile; fileRef = D5936C72291BF520003D675B /* Assets.xcassets */; };
		D5936C76291BF520003D675B /* Preview Assets.xcassets in Resources */ = {isa = PBXBuildFile; fileRef = D5936C75291BF520003D675B /* Preview Assets.xcassets */; };
		D5936C86291C0716003D675B /* Extensions.swift in Sources */ = {isa = PBXBuildFile; fileRef = D5936C85291C0716003D675B /* Extensions.swift */; };
		D5936C88291C078D003D675B /* HomeView.swift in Sources */ = {isa = PBXBuildFile; fileRef = D5936C87291C078D003D675B /* HomeView.swift */; };
		D5936C8A291C1959003D675B /* TabBar.swift in Sources */ = {isa = PBXBuildFile; fileRef = D5936C89291C1959003D675B /* TabBar.swift */; };
		D5936C8C291C747F003D675B /* Shapes.swift in Sources */ = {isa = PBXBuildFile; fileRef = D5936C8B291C747F003D675B /* Shapes.swift */; };
		D5936C8F291C81FC003D675B /* BottomSheet in Frameworks */ = {isa = PBXBuildFile; productRef = D5936C8E291C81FC003D675B /* BottomSheet */; };
		D5936C91291C85EB003D675B /* ForecastView.swift in Sources */ = {isa = PBXBuildFile; fileRef = D5936C90291C85EB003D675B /* ForecastView.swift */; };
		D5936C93291C9660003D675B /* Blur.swift in Sources */ = {isa = PBXBuildFile; fileRef = D5936C92291C9660003D675B /* Blur.swift */; };
/* End PBXBuildFile section */

/* Begin PBXFileReference section */
		D550E840291FF5D000C81A3A /* ForecastCard.swift */ = {isa = PBXFileReference; lastKnownFileType = sourcecode.swift; path = ForecastCard.swift; sourceTree = "<group>"; };
		D550E84229200F0400C81A3A /* NavegationBar.swift */ = {isa = PBXFileReference; lastKnownFileType = sourcecode.swift; path = NavegationBar.swift; sourceTree = "<group>"; };
		D550E8442920137F00C81A3A /* WeatherView.swift */ = {isa = PBXFileReference; lastKnownFileType = sourcecode.swift; path = WeatherView.swift; sourceTree = "<group>"; };
		D550E8462920170800C81A3A /* WeatherWidget.swift */ = {isa = PBXFileReference; lastKnownFileType = sourcecode.swift; path = WeatherWidget.swift; sourceTree = "<group>"; };
		D553C960291D7C3500C5FEA0 /* SegmentedControl.swift */ = {isa = PBXFileReference; lastKnownFileType = sourcecode.swift; path = SegmentedControl.swift; sourceTree = "<group>"; };
		D553C964291D8E3000C5FEA0 /* ForecastModel.swift */ = {isa = PBXFileReference; fileEncoding = 4; lastKnownFileType = sourcecode.swift; name = ForecastModel.swift; path = "../../../../Desktop/Weather app 3D/Assets/SwiftUI Weather App/Resources/ForecastModel.swift"; sourceTree = "<group>"; };
		D5936C6B291BF51F003D675B /* Weather.app */ = {isa = PBXFileReference; explicitFileType = wrapper.application; includeInIndex = 0; path = Weather.app; sourceTree = BUILT_PRODUCTS_DIR; };
		D5936C6E291BF51F003D675B /* WeatherApp.swift */ = {isa = PBXFileReference; lastKnownFileType = sourcecode.swift; path = WeatherApp.swift; sourceTree = "<group>"; };
		D5936C70291BF51F003D675B /* ContentView.swift */ = {isa = PBXFileReference; lastKnownFileType = sourcecode.swift; path = ContentView.swift; sourceTree = "<group>"; };
		D5936C72291BF520003D675B /* Assets.xcassets */ = {isa = PBXFileReference; lastKnownFileType = folder.assetcatalog; path = Assets.xcassets; sourceTree = "<group>"; };
		D5936C75291BF520003D675B /* Preview Assets.xcassets */ = {isa = PBXFileReference; lastKnownFileType = folder.assetcatalog; path = "Preview Assets.xcassets"; sourceTree = "<group>"; };
		D5936C85291C0716003D675B /* Extensions.swift */ = {isa = PBXFileReference; fileEncoding = 4; lastKnownFileType = sourcecode.swift; name = Extensions.swift; path = "../../../../Desktop/Weather app 3D/Assets/SwiftUI Weather App/Resources/Extensions.swift"; sourceTree = "<group>"; };
		D5936C87291C078D003D675B /* HomeView.swift */ = {isa = PBXFileReference; lastKnownFileType = sourcecode.swift; path = HomeView.swift; sourceTree = "<group>"; };
		D5936C89291C1959003D675B /* TabBar.swift */ = {isa = PBXFileReference; lastKnownFileType = sourcecode.swift; path = TabBar.swift; sourceTree = "<group>"; };
		D5936C8B291C747F003D675B /* Shapes.swift */ = {isa = PBXFileReference; lastKnownFileType = sourcecode.swift; path = Shapes.swift; sourceTree = "<group>"; };
		D5936C90291C85EB003D675B /* ForecastView.swift */ = {isa = PBXFileReference; lastKnownFileType = sourcecode.swift; path = ForecastView.swift; sourceTree = "<group>"; };
		D5936C92291C9660003D675B /* Blur.swift */ = {isa = PBXFileReference; lastKnownFileType = sourcecode.swift; path = Blur.swift; sourceTree = "<group>"; };
/* End PBXFileReference section */

/* Begin PBXFrameworksBuildPhase section */
		D5936C68291BF51F003D675B /* Frameworks */ = {
			isa = PBXFrameworksBuildPhase;
			buildActionMask = 2147483647;
			files = (
				D5936C8F291C81FC003D675B /* BottomSheet in Frameworks */,
			);
			runOnlyForDeploymentPostprocessing = 0;
		};
/* End PBXFrameworksBuildPhase section */

/* Begin PBXGroup section */
		D5936C62291BF51F003D675B = {
			isa = PBXGroup;
			children = (
				D5936C6D291BF51F003D675B /* Weather */,
				D5936C6C291BF51F003D675B /* Products */,
			);
			sourceTree = "<group>";
		};
		D5936C6C291BF51F003D675B /* Products */ = {
			isa = PBXGroup;
			children = (
				D5936C6B291BF51F003D675B /* Weather.app */,
			);
			name = Products;
			sourceTree = "<group>";
		};
		D5936C6D291BF51F003D675B /* Weather */ = {
			isa = PBXGroup;
			children = (
				D5936C6E291BF51F003D675B /* WeatherApp.swift */,
				D5936C7C291BFBA4003D675B /* Views */,
				D5936C7D291BFBB5003D675B /* Models */,
				D5936C7E291BFBBE003D675B /* Utils */,
				D5936C72291BF520003D675B /* Assets.xcassets */,
				D5936C74291BF520003D675B /* Preview Content */,
			);
			path = Weather;
			sourceTree = "<group>";
		};
		D5936C74291BF520003D675B /* Preview Content */ = {
			isa = PBXGroup;
			children = (
				D5936C75291BF520003D675B /* Preview Assets.xcassets */,
			);
			path = "Preview Content";
			sourceTree = "<group>";
		};
		D5936C7C291BFBA4003D675B /* Views */ = {
			isa = PBXGroup;
			children = (
				D5936C82291BFC59003D675B /* Main */,
				D5936C81291BFC43003D675B /* Navigation */,
				D5936C80291BFC38003D675B /* Detail */,
				D5936C7F291BFC28003D675B /* Components */,
			);
			path = Views;
			sourceTree = "<group>";
		};
		D5936C7D291BFBB5003D675B /* Models */ = {
			isa = PBXGroup;
			children = (
				D553C964291D8E3000C5FEA0 /* ForecastModel.swift */,
			);
			path = Models;
			sourceTree = "<group>";
		};
		D5936C7E291BFBBE003D675B /* Utils */ = {
			isa = PBXGroup;
			children = (
				D5936C85291C0716003D675B /* Extensions.swift */,
				D5936C8B291C747F003D675B /* Shapes.swift */,
			);
			path = Utils;
			sourceTree = "<group>";
		};
		D5936C7F291BFC28003D675B /* Components */ = {
			isa = PBXGroup;
			children = (
				D5936C92291C9660003D675B /* Blur.swift */,
				D553C960291D7C3500C5FEA0 /* SegmentedControl.swift */,
				D550E840291FF5D000C81A3A /* ForecastCard.swift */,
				D550E8462920170800C81A3A /* WeatherWidget.swift */,
			);
			path = Components;
			sourceTree = "<group>";
		};
		D5936C80291BFC38003D675B /* Detail */ = {
			isa = PBXGroup;
			children = (
				D5936C90291C85EB003D675B /* ForecastView.swift */,
				D550E8442920137F00C81A3A /* WeatherView.swift */,
			);
			path = Detail;
			sourceTree = "<group>";
		};
		D5936C81291BFC43003D675B /* Navigation */ = {
			isa = PBXGroup;
			children = (
				D5936C89291C1959003D675B /* TabBar.swift */,
				D550E84229200F0400C81A3A /* NavegationBar.swift */,
			);
			path = Navigation;
			sourceTree = "<group>";
		};
		D5936C82291BFC59003D675B /* Main */ = {
			isa = PBXGroup;
			children = (
				D5936C70291BF51F003D675B /* ContentView.swift */,
				D5936C87291C078D003D675B /* HomeView.swift */,
			);
			path = Main;
			sourceTree = "<group>";
		};
/* End PBXGroup section */

/* Begin PBXNativeTarget section */
		D5936C6A291BF51F003D675B /* Weather */ = {
			isa = PBXNativeTarget;
			buildConfigurationList = D5936C79291BF520003D675B /* Build configuration list for PBXNativeTarget "Weather" */;
			buildPhases = (
				D5936C67291BF51F003D675B /* Sources */,
				D5936C68291BF51F003D675B /* Frameworks */,
				D5936C69291BF51F003D675B /* Resources */,
			);
			buildRules = (
			);
			dependencies = (
			);
			name = Weather;
			packageProductDependencies = (
				D5936C8E291C81FC003D675B /* BottomSheet */,
			);
			productName = Weather;
			productReference = D5936C6B291BF51F003D675B /* Weather.app */;
			productType = "com.apple.product-type.application";
		};
/* End PBXNativeTarget section */

/* Begin PBXProject section */
		D5936C63291BF51F003D675B /* Project object */ = {
			isa = PBXProject;
			attributes = {
				BuildIndependentTargetsInParallel = 1;
				LastSwiftUpdateCheck = 1400;
				LastUpgradeCheck = 1400;
				TargetAttributes = {
					D5936C6A291BF51F003D675B = {
						CreatedOnToolsVersion = 14.0.1;
					};
				};
			};
			buildConfigurationList = D5936C66291BF51F003D675B /* Build configuration list for PBXProject "Weather" */;
			compatibilityVersion = "Xcode 14.0";
			developmentRegion = en;
			hasScannedForEncodings = 0;
			knownRegions = (
				en,
				Base,
			);
			mainGroup = D5936C62291BF51F003D675B;
			packageReferences = (
				D5936C8D291C81FC003D675B /* XCRemoteSwiftPackageReference "BottomSheet" */,
			);
			productRefGroup = D5936C6C291BF51F003D675B /* Products */;
			projectDirPath = "";
			projectRoot = "";
			targets = (
				D5936C6A291BF51F003D675B /* Weather */,
			);
		};
/* End PBXProject section */

/* Begin PBXResourcesBuildPhase section */
		D5936C69291BF51F003D675B /* Resources */ = {
			isa = PBXResourcesBuildPhase;
			buildActionMask = 2147483647;
			files = (
				D5936C76291BF520003D675B /* Preview Assets.xcassets in Resources */,
				D5936C73291BF520003D675B /* Assets.xcassets in Resources */,
			);
			runOnlyForDeploymentPostprocessing = 0;
		};
/* End PBXResourcesBuildPhase section */

/* Begin PBXSourcesBuildPhase section */
		D5936C67291BF51F003D675B /* Sources */ = {
			isa = PBXSourcesBuildPhase;
			buildActionMask = 2147483647;
			files = (
				D550E8472920170800C81A3A /* WeatherWidget.swift in Sources */,
				D550E841291FF5D000C81A3A /* ForecastCard.swift in Sources */,
				D5936C71291BF51F003D675B /* ContentView.swift in Sources */,
				D553C961291D7C3500C5FEA0 /* SegmentedControl.swift in Sources */,
				D5936C88291C078D003D675B /* HomeView.swift in Sources */,
				D5936C93291C9660003D675B /* Blur.swift in Sources */,
				D550E8452920137F00C81A3A /* WeatherView.swift in Sources */,
				D5936C86291C0716003D675B /* Extensions.swift in Sources */,
				D5936C6F291BF51F003D675B /* WeatherApp.swift in Sources */,
				D550E84329200F0400C81A3A /* NavegationBar.swift in Sources */,
				D5936C91291C85EB003D675B /* ForecastView.swift in Sources */,
				D5936C8A291C1959003D675B /* TabBar.swift in Sources */,
				D553C965291D8E3000C5FEA0 /* ForecastModel.swift in Sources */,
				D5936C8C291C747F003D675B /* Shapes.swift in Sources */,
			);
			runOnlyForDeploymentPostprocessing = 0;
		};
/* End PBXSourcesBuildPhase section */

/* Begin XCBuildConfiguration section */
		D5936C77291BF520003D675B /* Debug */ = {
			isa = XCBuildConfiguration;
			buildSettings = {
				ALWAYS_SEARCH_USER_PATHS = NO;
				CLANG_ANALYZER_NONNULL = YES;
				CLANG_ANALYZER_NUMBER_OBJECT_CONVERSION = YES_AGGRESSIVE;
				CLANG_CXX_LANGUAGE_STANDARD = "gnu++20";
				CLANG_ENABLE_MODULES = YES;
				CLANG_ENABLE_OBJC_ARC = YES;
				CLANG_ENABLE_OBJC_WEAK = YES;
				CLANG_WARN_BLOCK_CAPTURE_AUTORELEASING = YES;
				CLANG_WARN_BOOL_CONVERSION = YES;
				CLANG_WARN_COMMA = YES;
				CLANG_WARN_CONSTANT_CONVERSION = YES;
				CLANG_WARN_DEPRECATED_OBJC_IMPLEMENTATIONS = YES;
				CLANG_WARN_DIRECT_OBJC_ISA_USAGE = YES_ERROR;
				CLANG_WARN_DOCUMENTATION_COMMENTS = YES;
				CLANG_WARN_EMPTY_BODY = YES;
				CLANG_WARN_ENUM_CONVERSION = YES;
				CLANG_WARN_INFINITE_RECURSION = YES;
				CLANG_WARN_INT_CONVERSION = YES;
				CLANG_WARN_NON_LITERAL_NULL_CONVERSION = YES;
				CLANG_WARN_OBJC_IMPLICIT_RETAIN_SELF = YES;
				CLANG_WARN_OBJC_LITERAL_CONVERSION = YES;
				CLANG_WARN_OBJC_ROOT_CLASS = YES_ERROR;
				CLANG_WARN_QUOTED_INCLUDE_IN_FRAMEWORK_HEADER = YES;
				CLANG_WARN_RANGE_LOOP_ANALYSIS = YES;
				CLANG_WARN_STRICT_PROTOTYPES = YES;
				CLANG_WARN_SUSPICIOUS_MOVE = YES;
				CLANG_WARN_UNGUARDED_AVAILABILITY = YES_AGGRESSIVE;
				CLANG_WARN_UNREACHABLE_CODE = YES;
				CLANG_WARN__DUPLICATE_METHOD_MATCH = YES;
				COPY_PHASE_STRIP = NO;
				DEBUG_INFORMATION_FORMAT = dwarf;
				ENABLE_STRICT_OBJC_MSGSEND = YES;
				ENABLE_TESTABILITY = YES;
				GCC_C_LANGUAGE_STANDARD = gnu11;
				GCC_DYNAMIC_NO_PIC = NO;
				GCC_NO_COMMON_BLOCKS = YES;
				GCC_OPTIMIZATION_LEVEL = 0;
				GCC_PREPROCESSOR_DEFINITIONS = (
					"DEBUG=1",
					"$(inherited)",
				);
				GCC_WARN_64_TO_32_BIT_CONVERSION = YES;
				GCC_WARN_ABOUT_RETURN_TYPE = YES_ERROR;
				GCC_WARN_UNDECLARED_SELECTOR = YES;
				GCC_WARN_UNINITIALIZED_AUTOS = YES_AGGRESSIVE;
				GCC_WARN_UNUSED_FUNCTION = YES;
				GCC_WARN_UNUSED_VARIABLE = YES;
				IPHONEOS_DEPLOYMENT_TARGET = 16.0;
				MTL_ENABLE_DEBUG_INFO = INCLUDE_SOURCE;
				MTL_FAST_MATH = YES;
				ONLY_ACTIVE_ARCH = YES;
				SDKROOT = iphoneos;
				SWIFT_ACTIVE_COMPILATION_CONDITIONS = DEBUG;
				SWIFT_OPTIMIZATION_LEVEL = "-Onone";
			};
			name = Debug;
		};
		D5936C78291BF520003D675B /* Release */ = {
			isa = XCBuildConfiguration;
			buildSettings = {
				ALWAYS_SEARCH_USER_PATHS = NO;
				CLANG_ANALYZER_NONNULL = YES;
				CLANG_ANALYZER_NUMBER_OBJECT_CONVERSION = YES_AGGRESSIVE;
				CLANG_CXX_LANGUAGE_STANDARD = "gnu++20";
				CLANG_ENABLE_MODULES = YES;
				CLANG_ENABLE_OBJC_ARC = YES;
				CLANG_ENABLE_OBJC_WEAK = YES;
				CLANG_WARN_BLOCK_CAPTURE_AUTORELEASING = YES;
				CLANG_WARN_BOOL_CONVERSION = YES;
				CLANG_WARN_COMMA = YES;
				CLANG_WARN_CONSTANT_CONVERSION = YES;
				CLANG_WARN_DEPRECATED_OBJC_IMPLEMENTATIONS = YES;
				CLANG_WARN_DIRECT_OBJC_ISA_USAGE = YES_ERROR;
				CLANG_WARN_DOCUMENTATION_COMMENTS = YES;
				CLANG_WARN_EMPTY_BODY = YES;
				CLANG_WARN_ENUM_CONVERSION = YES;
				CLANG_WARN_INFINITE_RECURSION = YES;
				CLANG_WARN_INT_CONVERSION = YES;
				CLANG_WARN_NON_LITERAL_NULL_CONVERSION = YES;
				CLANG_WARN_OBJC_IMPLICIT_RETAIN_SELF = YES;
				CLANG_WARN_OBJC_LITERAL_CONVERSION = YES;
				CLANG_WARN_OBJC_ROOT_CLASS = YES_ERROR;
				CLANG_WARN_QUOTED_INCLUDE_IN_FRAMEWORK_HEADER = YES;
				CLANG_WARN_RANGE_LOOP_ANALYSIS = YES;
				CLANG_WARN_STRICT_PROTOTYPES = YES;
				CLANG_WARN_SUSPICIOUS_MOVE = YES;
				CLANG_WARN_UNGUARDED_AVAILABILITY = YES_AGGRESSIVE;
				CLANG_WARN_UNREACHABLE_CODE = YES;
				CLANG_WARN__DUPLICATE_METHOD_MATCH = YES;
				COPY_PHASE_STRIP = NO;
				DEBUG_INFORMATION_FORMAT = "dwarf-with-dsym";
				ENABLE_NS_ASSERTIONS = NO;
				ENABLE_STRICT_OBJC_MSGSEND = YES;
				GCC_C_LANGUAGE_STANDARD = gnu11;
				GCC_NO_COMMON_BLOCKS = YES;
				GCC_WARN_64_TO_32_BIT_CONVERSION = YES;
				GCC_WARN_ABOUT_RETURN_TYPE = YES_ERROR;
				GCC_WARN_UNDECLARED_SELECTOR = YES;
				GCC_WARN_UNINITIALIZED_AUTOS = YES_AGGRESSIVE;
				GCC_WARN_UNUSED_FUNCTION = YES;
				GCC_WARN_UNUSED_VARIABLE = YES;
				IPHONEOS_DEPLOYMENT_TARGET = 16.0;
				MTL_ENABLE_DEBUG_INFO = NO;
				MTL_FAST_MATH = YES;
				SDKROOT = iphoneos;
				SWIFT_COMPILATION_MODE = wholemodule;
				SWIFT_OPTIMIZATION_LEVEL = "-O";
				VALIDATE_PRODUCT = YES;
			};
			name = Release;
		};
		D5936C7A291BF520003D675B /* Debug */ = {
			isa = XCBuildConfiguration;
			buildSettings = {
				ASSETCATALOG_COMPILER_APPICON_NAME = AppIcon;
				ASSETCATALOG_COMPILER_GLOBAL_ACCENT_COLOR_NAME = AccentColor;
				CODE_SIGN_STYLE = Automatic;
				CURRENT_PROJECT_VERSION = 1;
				DEVELOPMENT_ASSET_PATHS = "\"Weather/Preview Content\"";
				DEVELOPMENT_TEAM = B6Q95LJJR4;
				ENABLE_PREVIEWS = YES;
				GENERATE_INFOPLIST_FILE = YES;
				INFOPLIST_KEY_UIApplicationSceneManifest_Generation = YES;
				INFOPLIST_KEY_UIApplicationSupportsIndirectInputEvents = YES;
				INFOPLIST_KEY_UILaunchScreen_Generation = YES;
				INFOPLIST_KEY_UISupportedInterfaceOrientations_iPad = "UIInterfaceOrientationPortrait UIInterfaceOrientationPortraitUpsideDown UIInterfaceOrientationLandscapeLeft UIInterfaceOrientationLandscapeRight";
				INFOPLIST_KEY_UISupportedInterfaceOrientations_iPhone = "UIInterfaceOrientationPortrait UIInterfaceOrientationLandscapeLeft UIInterfaceOrientationLandscapeRight";
				LD_RUNPATH_SEARCH_PATHS = (
					"$(inherited)",
					"@executable_path/Frameworks",
				);
				MARKETING_VERSION = 1.0;
				PRODUCT_BUNDLE_IDENTIFIER = com.rlraul12.Weather;
				PRODUCT_NAME = "$(TARGET_NAME)";
				SWIFT_EMIT_LOC_STRINGS = YES;
				SWIFT_VERSION = 5.0;
				TARGETED_DEVICE_FAMILY = "1,2";
			};
			name = Debug;
		};
		D5936C7B291BF520003D675B /* Release */ = {
			isa = XCBuildConfiguration;
			buildSettings = {
				ASSETCATALOG_COMPILER_APPICON_NAME = AppIcon;
				ASSETCATALOG_COMPILER_GLOBAL_ACCENT_COLOR_NAME = AccentColor;
				CODE_SIGN_STYLE = Automatic;
				CURRENT_PROJECT_VERSION = 1;
				DEVELOPMENT_ASSET_PATHS = "\"Weather/Preview Content\"";
				DEVELOPMENT_TEAM = B6Q95LJJR4;
				ENABLE_PREVIEWS = YES;
				GENERATE_INFOPLIST_FILE = YES;
				INFOPLIST_KEY_UIApplicationSceneManifest_Generation = YES;
				INFOPLIST_KEY_UIApplicationSupportsIndirectInputEvents = YES;
				INFOPLIST_KEY_UILaunchScreen_Generation = YES;
				INFOPLIST_KEY_UISupportedInterfaceOrientations_iPad = "UIInterfaceOrientationPortrait UIInterfaceOrientationPortraitUpsideDown UIInterfaceOrientationLandscapeLeft UIInterfaceOrientationLandscapeRight";
				INFOPLIST_KEY_UISupportedInterfaceOrientations_iPhone = "UIInterfaceOrientationPortrait UIInterfaceOrientationLandscapeLeft UIInterfaceOrientationLandscapeRight";
				LD_RUNPATH_SEARCH_PATHS = (
					"$(inherited)",
					"@executable_path/Frameworks",
				);
				MARKETING_VERSION = 1.0;
				PRODUCT_BUNDLE_IDENTIFIER = com.rlraul12.Weather;
				PRODUCT_NAME = "$(TARGET_NAME)";
				SWIFT_EMIT_LOC_STRINGS = YES;
				SWIFT_VERSION = 5.0;
				TARGETED_DEVICE_FAMILY = "1,2";
			};
			name = Release;
		};
/* End XCBuildConfiguration section */

/* Begin XCConfigurationList section */
		D5936C66291BF51F003D675B /* Build configuration list for PBXProject "Weather" */ = {
			isa = XCConfigurationList;
			buildConfigurations = (
				D5936C77291BF520003D675B /* Debug */,
				D5936C78291BF520003D675B /* Release */,
			);
			defaultConfigurationIsVisible = 0;
			defaultConfigurationName = Release;
		};
		D5936C79291BF520003D675B /* Build configuration list for PBXNativeTarget "Weather" */ = {
			isa = XCConfigurationList;
			buildConfigurations = (
				D5936C7A291BF520003D675B /* Debug */,
				D5936C7B291BF520003D675B /* Release */,
			);
			defaultConfigurationIsVisible = 0;
			defaultConfigurationName = Release;
		};
/* End XCConfigurationList section */

/* Begin XCRemoteSwiftPackageReference section */
		D5936C8D291C81FC003D675B /* XCRemoteSwiftPackageReference "BottomSheet" */ = {
			isa = XCRemoteSwiftPackageReference;
			repositoryURL = "https://github.com/Wouter125/BottomSheet";
			requirement = {
				kind = upToNextMajorVersion;
				minimumVersion = 1.0.0;
			};
		};
/* End XCRemoteSwiftPackageReference section */

/* Begin XCSwiftPackageProductDependency section */
		D5936C8E291C81FC003D675B /* BottomSheet */ = {
			isa = XCSwiftPackageProductDependency;
			package = D5936C8D291C81FC003D675B /* XCRemoteSwiftPackageReference "BottomSheet" */;
			productName = BottomSheet;
		};
/* End XCSwiftPackageProductDependency section */
	};
	rootObject = D5936C63291BF51F003D675B /* Project object */;
}
